{
  "name": "sscummings.github.io",
  "lockfileVersion": 2,
  "requires": true,
  "packages": {
    "": {
      "dependencies": {
        "lightbox2": "^2.11.4",
        "slick-carousel": "^1.8.1"
      }
    },
    "node_modules/jquery": {
      "version": "3.7.1",
      "resolved": "https://registry.npmjs.org/jquery/-/jquery-3.7.1.tgz",
      "integrity": "sha512-m4avr8yL8kmFN8psrbFFFmB/If14iN5o9nw/NgnnM+kybDJpRsAynV2BsfpTYrTRysYUdADVD7CkUUizgkpLfg==",
      "peer": true
    },
    "node_modules/lightbox2": {
      "version": "2.11.4",
      "resolved": "https://registry.npmjs.org/lightbox2/-/lightbox2-2.11.4.tgz",
      "integrity": "sha512-Fof7RJFWV3Fe4CWTjpto30h04Led97nRStFNLaUD/VrlEs72r7LF9WMndENYvU2e4o8WboSuy+dmetXSKSnQ2Q=="
    },
    "node_modules/slick-carousel": {
      "version": "1.8.1",
      "resolved": "https://registry.npmjs.org/slick-carousel/-/slick-carousel-1.8.1.tgz",
      "integrity": "sha512-XB9Ftrf2EEKfzoQXt3Nitrt/IPbT+f1fgqBdoxO3W/+JYvtEOW6EgxnWfr9GH6nmULv7Y2tPmEX3koxThVmebA==",
      "peerDependencies": {
        "jquery": ">=1.8.0"
      }
    }
  },
  "dependencies": {
    "jquery": {
      "version": "3.7.1",
      "resolved": "https://registry.npmjs.org/jquery/-/jquery-3.7.1.tgz",
      "integrity": "sha512-m4avr8yL8kmFN8psrbFFFmB/If14iN5o9nw/NgnnM+kybDJpRsAynV2BsfpTYrTRysYUdADVD7CkUUizgkpLfg==",
      "peer": true
    },
    "lightbox2": {
      "version": "2.11.4",
      "resolved": "https://registry.npmjs.org/lightbox2/-/lightbox2-2.11.4.tgz",
      "integrity": "sha512-Fof7RJFWV3Fe4CWTjpto30h04Led97nRStFNLaUD/VrlEs72r7LF9WMndENYvU2e4o8WboSuy+dmetXSKSnQ2Q=="
    },
    "slick-carousel": {
      "version": "1.8.1",
      "resolved": "https://registry.npmjs.org/slick-carousel/-/slick-carousel-1.8.1.tgz",
      "integrity": "sha512-XB9Ftrf2EEKfzoQXt3Nitrt/IPbT+f1fgqBdoxO3W/+JYvtEOW6EgxnWfr9GH6nmULv7Y2tPmEX3koxThVmebA==",
      "requires": {}
    }
  }
}
